
Microsoft Visual Studio Solution File, Format Version 12.00
Project("{FAE04EC0-301F-11D3-BF4B-00C04F79EFBC}") = "rps-server", "rps-server\rps-server.csproj", "{B9F5BD4F-AD72-48FA-A7DC-83E73ACC42DC}"
EndProject
Global
	GlobalSection(SolutionConfigurationPlatforms) = preSolution
		Debug|Any CPU = Debug|Any CPU
		Release|Any CPU = Release|Any CPU
	EndGlobalSection
	GlobalSection(ProjectConfigurationPlatforms) = postSolution
		{B9F5BD4F-AD72-48FA-A7DC-83E73ACC42DC}.Debug|Any CPU.ActiveCfg = Debug|Any CPU
		{B9F5BD4F-AD72-48FA-A7DC-83E73ACC42DC}.Debug|Any CPU.Build.0 = Debug|Any CPU
		{B9F5BD4F-AD72-48FA-A7DC-83E73ACC42DC}.Release|Any CPU.ActiveCfg = Release|Any CPU
		{B9F5BD4F-AD72-48FA-A7DC-83E73ACC42DC}.Release|Any CPU.Build.0 = Release|Any CPU
	EndGlobalSection
EndGlobal
